
Microsoft Visual Studio Solution File, Format Version 12.00
# Visual Studio 15
VisualStudioVersion = 15.0.27703.2035
MinimumVisualStudioVersion = 10.0.40219.1
Project("{FAE04EC0-301F-11D3-BF4B-00C04F79EFBC}") = "Tecnodim", "Tecnodim\Tecnodim.csproj", "{7E5E71CA-A80D-419B-BD28-B03578369059}"
EndProject
Project("{FAE04EC0-301F-11D3-BF4B-00C04F79EFBC}") = "ApiTecnodim", "ApiTecnodim\ApiTecnodim.csproj", "{15CADF7D-6C8A-4C64-BCB0-647255A96B2A}"
EndProject
Project("{FAE04EC0-301F-11D3-BF4B-00C04F79EFBC}") = "DataEF", "DataEF\DataEF.csproj", "{008B818A-ADE8-4772-81A9-C327F49E1CAD}"
EndProject
Project("{FAE04EC0-301F-11D3-BF4B-00C04F79EFBC}") = "i18n", "i18n\i18n.csproj", "{EE852833-8E6B-4346-88B2-9A0F1CFCE91A}"
EndProject
Global
	GlobalSection(SolutionConfigurationPlatforms) = preSolution
		Debug|Any CPU = Debug|Any CPU
		Release|Any CPU = Release|Any CPU
	EndGlobalSection
	GlobalSection(ProjectConfigurationPlatforms) = postSolution
		{7E5E71CA-A80D-419B-BD28-B03578369059}.Debug|Any CPU.ActiveCfg = Debug|Any CPU
		{7E5E71CA-A80D-419B-BD28-B03578369059}.Debug|Any CPU.Build.0 = Debug|Any CPU
		{7E5E71CA-A80D-419B-BD28-B03578369059}.Release|Any CPU.ActiveCfg = Release|Any CPU
		{7E5E71CA-A80D-419B-BD28-B03578369059}.Release|Any CPU.Build.0 = Release|Any CPU
		{15CADF7D-6C8A-4C64-BCB0-647255A96B2A}.Debug|Any CPU.ActiveCfg = Debug|Any CPU
		{15CADF7D-6C8A-4C64-BCB0-647255A96B2A}.Debug|Any CPU.Build.0 = Debug|Any CPU
		{15CADF7D-6C8A-4C64-BCB0-647255A96B2A}.Release|Any CPU.ActiveCfg = Release|Any CPU
		{15CADF7D-6C8A-4C64-BCB0-647255A96B2A}.Release|Any CPU.Build.0 = Release|Any CPU
		{008B818A-ADE8-4772-81A9-C327F49E1CAD}.Debug|Any CPU.ActiveCfg = Debug|Any CPU
		{008B818A-ADE8-4772-81A9-C327F49E1CAD}.Debug|Any CPU.Build.0 = Debug|Any CPU
		{008B818A-ADE8-4772-81A9-C327F49E1CAD}.Release|Any CPU.ActiveCfg = Release|Any CPU
		{008B818A-ADE8-4772-81A9-C327F49E1CAD}.Release|Any CPU.Build.0 = Release|Any CPU
		{EE852833-8E6B-4346-88B2-9A0F1CFCE91A}.Debug|Any CPU.ActiveCfg = Debug|Any CPU
		{EE852833-8E6B-4346-88B2-9A0F1CFCE91A}.Debug|Any CPU.Build.0 = Debug|Any CPU
		{EE852833-8E6B-4346-88B2-9A0F1CFCE91A}.Release|Any CPU.ActiveCfg = Release|Any CPU
		{EE852833-8E6B-4346-88B2-9A0F1CFCE91A}.Release|Any CPU.Build.0 = Release|Any CPU
	EndGlobalSection
	GlobalSection(SolutionProperties) = preSolution
		HideSolutionNode = FALSE
	EndGlobalSection
	GlobalSection(ExtensibilityGlobals) = postSolution
		SolutionGuid = {EC3336A6-4368-436A-AF58-0C34242D628D}
	EndGlobalSection
EndGlobal
