
Microsoft Visual Studio Solution File, Format Version 12.00
# Visual Studio 15
VisualStudioVersion = 15.0.27703.2035
MinimumVisualStudioVersion = 10.0.40219.1
Project("{FAE04EC0-301F-11D3-BF4B-00C04F79EFBC}") = "ApiTecnodim", "ApiTecnodim\ApiTecnodim.csproj", "{15CADF7D-6C8A-4C64-BCB0-647255A96B2A}"
EndProject
Project("{FAE04EC0-301F-11D3-BF4B-00C04F79EFBC}") = "i18n", "i18n\i18n.csproj", "{EE852833-8E6B-4346-88B2-9A0F1CFCE91A}"
EndProject
Project("{FAE04EC0-301F-11D3-BF4B-00C04F79EFBC}") = "Helper", "Helper\Helper.csproj", "{CC7A6E2B-5825-491D-8BA0-2AB80AE6D913}"
EndProject
Project("{FAE04EC0-301F-11D3-BF4B-00C04F79EFBC}") = "Model", "Model\Model.csproj", "{3D00DF5F-2824-42E0-ACC1-20461615E42C}"
EndProject
Project("{FAE04EC0-301F-11D3-BF4B-00C04F79EFBC}") = "Repository", "Repository\Repository.csproj", "{8298928E-B85A-4AF6-8CA9-812C714D8DD3}"
EndProject
Project("{FAE04EC0-301F-11D3-BF4B-00C04F79EFBC}") = "Site", "Site\Site.csproj", "{B7CAE769-1BF4-4D51-9DCC-DEFD5C863C51}"
EndProject
Project("{FAE04EC0-301F-11D3-BF4B-00C04F79EFBC}") = "WSSync", "WSSync\WSSync.csproj", "{77EF9375-969F-49B8-A9DC-D576E59B2920}"
EndProject
Project("{54435603-DBB4-11D2-8724-00A0C9A8B90C}") = "SetupWSSync", "SetupWSSync\SetupWSSync.vdproj", "{9308D3A8-B3D9-41CE-9E9D-D7153C1E23DE}"
EndProject
Project("{FAE04EC0-301F-11D3-BF4B-00C04F79EFBC}") = "DataEF", "..\TecnodimWeb-API\DataEF\DataEF.csproj", "{008B818A-ADE8-4772-81A9-C327F49E1CAD}"
EndProject
Global
	GlobalSection(SolutionConfigurationPlatforms) = preSolution
		AzureDemo|Any CPU = AzureDemo|Any CPU
		AzureProd|Any CPU = AzureProd|Any CPU
		Debug|Any CPU = Debug|Any CPU
		Demo|Any CPU = Demo|Any CPU
		Hom|Any CPU = Hom|Any CPU
		LocalDev|Any CPU = LocalDev|Any CPU
		LocalHom|Any CPU = LocalHom|Any CPU
		LocalHomolog|Any CPU = LocalHomolog|Any CPU
		LocalQA|Any CPU = LocalQA|Any CPU
		Prod|Any CPU = Prod|Any CPU
		QA|Any CPU = QA|Any CPU
		Release|Any CPU = Release|Any CPU
	EndGlobalSection
	GlobalSection(ProjectConfigurationPlatforms) = postSolution
		{15CADF7D-6C8A-4C64-BCB0-647255A96B2A}.AzureDemo|Any CPU.ActiveCfg = Release|Any CPU
		{15CADF7D-6C8A-4C64-BCB0-647255A96B2A}.AzureDemo|Any CPU.Build.0 = Release|Any CPU
		{15CADF7D-6C8A-4C64-BCB0-647255A96B2A}.AzureProd|Any CPU.ActiveCfg = Prod|Any CPU
		{15CADF7D-6C8A-4C64-BCB0-647255A96B2A}.AzureProd|Any CPU.Build.0 = Prod|Any CPU
		{15CADF7D-6C8A-4C64-BCB0-647255A96B2A}.Debug|Any CPU.ActiveCfg = Debug|Any CPU
		{15CADF7D-6C8A-4C64-BCB0-647255A96B2A}.Debug|Any CPU.Build.0 = Debug|Any CPU
		{15CADF7D-6C8A-4C64-BCB0-647255A96B2A}.Demo|Any CPU.ActiveCfg = Debug|Any CPU
		{15CADF7D-6C8A-4C64-BCB0-647255A96B2A}.Demo|Any CPU.Build.0 = Debug|Any CPU
		{15CADF7D-6C8A-4C64-BCB0-647255A96B2A}.Hom|Any CPU.ActiveCfg = Hom|Any CPU
		{15CADF7D-6C8A-4C64-BCB0-647255A96B2A}.Hom|Any CPU.Build.0 = Hom|Any CPU
		{15CADF7D-6C8A-4C64-BCB0-647255A96B2A}.LocalDev|Any CPU.ActiveCfg = Release|Any CPU
		{15CADF7D-6C8A-4C64-BCB0-647255A96B2A}.LocalDev|Any CPU.Build.0 = Release|Any CPU
		{15CADF7D-6C8A-4C64-BCB0-647255A96B2A}.LocalHom|Any CPU.ActiveCfg = Hom|Any CPU
		{15CADF7D-6C8A-4C64-BCB0-647255A96B2A}.LocalHom|Any CPU.Build.0 = Hom|Any CPU
		{15CADF7D-6C8A-4C64-BCB0-647255A96B2A}.LocalHomolog|Any CPU.ActiveCfg = Hom|Any CPU
		{15CADF7D-6C8A-4C64-BCB0-647255A96B2A}.LocalHomolog|Any CPU.Build.0 = Hom|Any CPU
		{15CADF7D-6C8A-4C64-BCB0-647255A96B2A}.LocalQA|Any CPU.ActiveCfg = Release|Any CPU
		{15CADF7D-6C8A-4C64-BCB0-647255A96B2A}.LocalQA|Any CPU.Build.0 = Release|Any CPU
		{15CADF7D-6C8A-4C64-BCB0-647255A96B2A}.Prod|Any CPU.ActiveCfg = Prod|Any CPU
		{15CADF7D-6C8A-4C64-BCB0-647255A96B2A}.Prod|Any CPU.Build.0 = Prod|Any CPU
		{15CADF7D-6C8A-4C64-BCB0-647255A96B2A}.QA|Any CPU.ActiveCfg = Release|Any CPU
		{15CADF7D-6C8A-4C64-BCB0-647255A96B2A}.QA|Any CPU.Build.0 = Release|Any CPU
		{15CADF7D-6C8A-4C64-BCB0-647255A96B2A}.Release|Any CPU.ActiveCfg = Release|Any CPU
		{15CADF7D-6C8A-4C64-BCB0-647255A96B2A}.Release|Any CPU.Build.0 = Release|Any CPU
		{EE852833-8E6B-4346-88B2-9A0F1CFCE91A}.AzureDemo|Any CPU.ActiveCfg = Release|Any CPU
		{EE852833-8E6B-4346-88B2-9A0F1CFCE91A}.AzureDemo|Any CPU.Build.0 = Release|Any CPU
		{EE852833-8E6B-4346-88B2-9A0F1CFCE91A}.AzureProd|Any CPU.ActiveCfg = Prod|Any CPU
		{EE852833-8E6B-4346-88B2-9A0F1CFCE91A}.AzureProd|Any CPU.Build.0 = Prod|Any CPU
		{EE852833-8E6B-4346-88B2-9A0F1CFCE91A}.Debug|Any CPU.ActiveCfg = Debug|Any CPU
		{EE852833-8E6B-4346-88B2-9A0F1CFCE91A}.Debug|Any CPU.Build.0 = Debug|Any CPU
		{EE852833-8E6B-4346-88B2-9A0F1CFCE91A}.Demo|Any CPU.ActiveCfg = Debug|Any CPU
		{EE852833-8E6B-4346-88B2-9A0F1CFCE91A}.Demo|Any CPU.Build.0 = Debug|Any CPU
		{EE852833-8E6B-4346-88B2-9A0F1CFCE91A}.Hom|Any CPU.ActiveCfg = Hom|Any CPU
		{EE852833-8E6B-4346-88B2-9A0F1CFCE91A}.Hom|Any CPU.Build.0 = Hom|Any CPU
		{EE852833-8E6B-4346-88B2-9A0F1CFCE91A}.LocalDev|Any CPU.ActiveCfg = Release|Any CPU
		{EE852833-8E6B-4346-88B2-9A0F1CFCE91A}.LocalDev|Any CPU.Build.0 = Release|Any CPU
		{EE852833-8E6B-4346-88B2-9A0F1CFCE91A}.LocalHom|Any CPU.ActiveCfg = Hom|Any CPU
		{EE852833-8E6B-4346-88B2-9A0F1CFCE91A}.LocalHom|Any CPU.Build.0 = Hom|Any CPU
		{EE852833-8E6B-4346-88B2-9A0F1CFCE91A}.LocalHomolog|Any CPU.ActiveCfg = Hom|Any CPU
		{EE852833-8E6B-4346-88B2-9A0F1CFCE91A}.LocalHomolog|Any CPU.Build.0 = Hom|Any CPU
		{EE852833-8E6B-4346-88B2-9A0F1CFCE91A}.LocalQA|Any CPU.ActiveCfg = Release|Any CPU
		{EE852833-8E6B-4346-88B2-9A0F1CFCE91A}.LocalQA|Any CPU.Build.0 = Release|Any CPU
		{EE852833-8E6B-4346-88B2-9A0F1CFCE91A}.Prod|Any CPU.ActiveCfg = Prod|Any CPU
		{EE852833-8E6B-4346-88B2-9A0F1CFCE91A}.Prod|Any CPU.Build.0 = Prod|Any CPU
		{EE852833-8E6B-4346-88B2-9A0F1CFCE91A}.QA|Any CPU.ActiveCfg = Release|Any CPU
		{EE852833-8E6B-4346-88B2-9A0F1CFCE91A}.QA|Any CPU.Build.0 = Release|Any CPU
		{EE852833-8E6B-4346-88B2-9A0F1CFCE91A}.Release|Any CPU.ActiveCfg = Release|Any CPU
		{EE852833-8E6B-4346-88B2-9A0F1CFCE91A}.Release|Any CPU.Build.0 = Release|Any CPU
		{CC7A6E2B-5825-491D-8BA0-2AB80AE6D913}.AzureDemo|Any CPU.ActiveCfg = Release|Any CPU
		{CC7A6E2B-5825-491D-8BA0-2AB80AE6D913}.AzureDemo|Any CPU.Build.0 = Release|Any CPU
		{CC7A6E2B-5825-491D-8BA0-2AB80AE6D913}.AzureProd|Any CPU.ActiveCfg = Prod|Any CPU
		{CC7A6E2B-5825-491D-8BA0-2AB80AE6D913}.AzureProd|Any CPU.Build.0 = Prod|Any CPU
		{CC7A6E2B-5825-491D-8BA0-2AB80AE6D913}.Debug|Any CPU.ActiveCfg = Debug|Any CPU
		{CC7A6E2B-5825-491D-8BA0-2AB80AE6D913}.Debug|Any CPU.Build.0 = Debug|Any CPU
		{CC7A6E2B-5825-491D-8BA0-2AB80AE6D913}.Demo|Any CPU.ActiveCfg = Debug|Any CPU
		{CC7A6E2B-5825-491D-8BA0-2AB80AE6D913}.Demo|Any CPU.Build.0 = Debug|Any CPU
		{CC7A6E2B-5825-491D-8BA0-2AB80AE6D913}.Hom|Any CPU.ActiveCfg = Hom|Any CPU
		{CC7A6E2B-5825-491D-8BA0-2AB80AE6D913}.Hom|Any CPU.Build.0 = Hom|Any CPU
		{CC7A6E2B-5825-491D-8BA0-2AB80AE6D913}.LocalDev|Any CPU.ActiveCfg = Release|Any CPU
		{CC7A6E2B-5825-491D-8BA0-2AB80AE6D913}.LocalDev|Any CPU.Build.0 = Release|Any CPU
		{CC7A6E2B-5825-491D-8BA0-2AB80AE6D913}.LocalHom|Any CPU.ActiveCfg = Hom|Any CPU
		{CC7A6E2B-5825-491D-8BA0-2AB80AE6D913}.LocalHom|Any CPU.Build.0 = Hom|Any CPU
		{CC7A6E2B-5825-491D-8BA0-2AB80AE6D913}.LocalHomolog|Any CPU.ActiveCfg = Hom|Any CPU
		{CC7A6E2B-5825-491D-8BA0-2AB80AE6D913}.LocalHomolog|Any CPU.Build.0 = Hom|Any CPU
		{CC7A6E2B-5825-491D-8BA0-2AB80AE6D913}.LocalQA|Any CPU.ActiveCfg = Release|Any CPU
		{CC7A6E2B-5825-491D-8BA0-2AB80AE6D913}.LocalQA|Any CPU.Build.0 = Release|Any CPU
		{CC7A6E2B-5825-491D-8BA0-2AB80AE6D913}.Prod|Any CPU.ActiveCfg = Prod|Any CPU
		{CC7A6E2B-5825-491D-8BA0-2AB80AE6D913}.Prod|Any CPU.Build.0 = Prod|Any CPU
		{CC7A6E2B-5825-491D-8BA0-2AB80AE6D913}.QA|Any CPU.ActiveCfg = Release|Any CPU
		{CC7A6E2B-5825-491D-8BA0-2AB80AE6D913}.QA|Any CPU.Build.0 = Release|Any CPU
		{CC7A6E2B-5825-491D-8BA0-2AB80AE6D913}.Release|Any CPU.ActiveCfg = Release|Any CPU
		{CC7A6E2B-5825-491D-8BA0-2AB80AE6D913}.Release|Any CPU.Build.0 = Release|Any CPU
		{3D00DF5F-2824-42E0-ACC1-20461615E42C}.AzureDemo|Any CPU.ActiveCfg = Release|Any CPU
		{3D00DF5F-2824-42E0-ACC1-20461615E42C}.AzureDemo|Any CPU.Build.0 = Release|Any CPU
		{3D00DF5F-2824-42E0-ACC1-20461615E42C}.AzureProd|Any CPU.ActiveCfg = Prod|Any CPU
		{3D00DF5F-2824-42E0-ACC1-20461615E42C}.AzureProd|Any CPU.Build.0 = Prod|Any CPU
		{3D00DF5F-2824-42E0-ACC1-20461615E42C}.Debug|Any CPU.ActiveCfg = Debug|Any CPU
		{3D00DF5F-2824-42E0-ACC1-20461615E42C}.Debug|Any CPU.Build.0 = Debug|Any CPU
		{3D00DF5F-2824-42E0-ACC1-20461615E42C}.Demo|Any CPU.ActiveCfg = Debug|Any CPU
		{3D00DF5F-2824-42E0-ACC1-20461615E42C}.Demo|Any CPU.Build.0 = Debug|Any CPU
		{3D00DF5F-2824-42E0-ACC1-20461615E42C}.Hom|Any CPU.ActiveCfg = Hom|Any CPU
		{3D00DF5F-2824-42E0-ACC1-20461615E42C}.Hom|Any CPU.Build.0 = Hom|Any CPU
		{3D00DF5F-2824-42E0-ACC1-20461615E42C}.LocalDev|Any CPU.ActiveCfg = Release|Any CPU
		{3D00DF5F-2824-42E0-ACC1-20461615E42C}.LocalDev|Any CPU.Build.0 = Release|Any CPU
		{3D00DF5F-2824-42E0-ACC1-20461615E42C}.LocalHom|Any CPU.ActiveCfg = Hom|Any CPU
		{3D00DF5F-2824-42E0-ACC1-20461615E42C}.LocalHom|Any CPU.Build.0 = Hom|Any CPU
		{3D00DF5F-2824-42E0-ACC1-20461615E42C}.LocalHomolog|Any CPU.ActiveCfg = Hom|Any CPU
		{3D00DF5F-2824-42E0-ACC1-20461615E42C}.LocalHomolog|Any CPU.Build.0 = Hom|Any CPU
		{3D00DF5F-2824-42E0-ACC1-20461615E42C}.LocalQA|Any CPU.ActiveCfg = Release|Any CPU
		{3D00DF5F-2824-42E0-ACC1-20461615E42C}.LocalQA|Any CPU.Build.0 = Release|Any CPU
		{3D00DF5F-2824-42E0-ACC1-20461615E42C}.Prod|Any CPU.ActiveCfg = Prod|Any CPU
		{3D00DF5F-2824-42E0-ACC1-20461615E42C}.Prod|Any CPU.Build.0 = Prod|Any CPU
		{3D00DF5F-2824-42E0-ACC1-20461615E42C}.QA|Any CPU.ActiveCfg = Release|Any CPU
		{3D00DF5F-2824-42E0-ACC1-20461615E42C}.QA|Any CPU.Build.0 = Release|Any CPU
		{3D00DF5F-2824-42E0-ACC1-20461615E42C}.Release|Any CPU.ActiveCfg = Release|Any CPU
		{3D00DF5F-2824-42E0-ACC1-20461615E42C}.Release|Any CPU.Build.0 = Release|Any CPU
		{8298928E-B85A-4AF6-8CA9-812C714D8DD3}.AzureDemo|Any CPU.ActiveCfg = Release|Any CPU
		{8298928E-B85A-4AF6-8CA9-812C714D8DD3}.AzureDemo|Any CPU.Build.0 = Release|Any CPU
		{8298928E-B85A-4AF6-8CA9-812C714D8DD3}.AzureProd|Any CPU.ActiveCfg = Prod|Any CPU
		{8298928E-B85A-4AF6-8CA9-812C714D8DD3}.AzureProd|Any CPU.Build.0 = Prod|Any CPU
		{8298928E-B85A-4AF6-8CA9-812C714D8DD3}.Debug|Any CPU.ActiveCfg = Debug|Any CPU
		{8298928E-B85A-4AF6-8CA9-812C714D8DD3}.Debug|Any CPU.Build.0 = Debug|Any CPU
		{8298928E-B85A-4AF6-8CA9-812C714D8DD3}.Demo|Any CPU.ActiveCfg = Debug|Any CPU
		{8298928E-B85A-4AF6-8CA9-812C714D8DD3}.Demo|Any CPU.Build.0 = Debug|Any CPU
		{8298928E-B85A-4AF6-8CA9-812C714D8DD3}.Hom|Any CPU.ActiveCfg = Hom|Any CPU
		{8298928E-B85A-4AF6-8CA9-812C714D8DD3}.Hom|Any CPU.Build.0 = Hom|Any CPU
		{8298928E-B85A-4AF6-8CA9-812C714D8DD3}.LocalDev|Any CPU.ActiveCfg = Release|Any CPU
		{8298928E-B85A-4AF6-8CA9-812C714D8DD3}.LocalDev|Any CPU.Build.0 = Release|Any CPU
		{8298928E-B85A-4AF6-8CA9-812C714D8DD3}.LocalHom|Any CPU.ActiveCfg = Hom|Any CPU
		{8298928E-B85A-4AF6-8CA9-812C714D8DD3}.LocalHom|Any CPU.Build.0 = Hom|Any CPU
		{8298928E-B85A-4AF6-8CA9-812C714D8DD3}.LocalHomolog|Any CPU.ActiveCfg = Hom|Any CPU
		{8298928E-B85A-4AF6-8CA9-812C714D8DD3}.LocalHomolog|Any CPU.Build.0 = Hom|Any CPU
		{8298928E-B85A-4AF6-8CA9-812C714D8DD3}.LocalQA|Any CPU.ActiveCfg = Release|Any CPU
		{8298928E-B85A-4AF6-8CA9-812C714D8DD3}.LocalQA|Any CPU.Build.0 = Release|Any CPU
		{8298928E-B85A-4AF6-8CA9-812C714D8DD3}.Prod|Any CPU.ActiveCfg = Prod|Any CPU
		{8298928E-B85A-4AF6-8CA9-812C714D8DD3}.Prod|Any CPU.Build.0 = Prod|Any CPU
		{8298928E-B85A-4AF6-8CA9-812C714D8DD3}.QA|Any CPU.ActiveCfg = Release|Any CPU
		{8298928E-B85A-4AF6-8CA9-812C714D8DD3}.QA|Any CPU.Build.0 = Release|Any CPU
		{8298928E-B85A-4AF6-8CA9-812C714D8DD3}.Release|Any CPU.ActiveCfg = Release|Any CPU
		{8298928E-B85A-4AF6-8CA9-812C714D8DD3}.Release|Any CPU.Build.0 = Release|Any CPU
		{B7CAE769-1BF4-4D51-9DCC-DEFD5C863C51}.AzureDemo|Any CPU.ActiveCfg = Release|Any CPU
		{B7CAE769-1BF4-4D51-9DCC-DEFD5C863C51}.AzureDemo|Any CPU.Build.0 = Release|Any CPU
		{B7CAE769-1BF4-4D51-9DCC-DEFD5C863C51}.AzureProd|Any CPU.ActiveCfg = Prod|Any CPU
		{B7CAE769-1BF4-4D51-9DCC-DEFD5C863C51}.AzureProd|Any CPU.Build.0 = Prod|Any CPU
		{B7CAE769-1BF4-4D51-9DCC-DEFD5C863C51}.Debug|Any CPU.ActiveCfg = Debug|Any CPU
		{B7CAE769-1BF4-4D51-9DCC-DEFD5C863C51}.Debug|Any CPU.Build.0 = Debug|Any CPU
		{B7CAE769-1BF4-4D51-9DCC-DEFD5C863C51}.Demo|Any CPU.ActiveCfg = Debug|Any CPU
		{B7CAE769-1BF4-4D51-9DCC-DEFD5C863C51}.Demo|Any CPU.Build.0 = Debug|Any CPU
		{B7CAE769-1BF4-4D51-9DCC-DEFD5C863C51}.Hom|Any CPU.ActiveCfg = Hom|Any CPU
		{B7CAE769-1BF4-4D51-9DCC-DEFD5C863C51}.Hom|Any CPU.Build.0 = Hom|Any CPU
		{B7CAE769-1BF4-4D51-9DCC-DEFD5C863C51}.LocalDev|Any CPU.ActiveCfg = Release|Any CPU
		{B7CAE769-1BF4-4D51-9DCC-DEFD5C863C51}.LocalDev|Any CPU.Build.0 = Release|Any CPU
		{B7CAE769-1BF4-4D51-9DCC-DEFD5C863C51}.LocalHom|Any CPU.ActiveCfg = Hom|Any CPU
		{B7CAE769-1BF4-4D51-9DCC-DEFD5C863C51}.LocalHom|Any CPU.Build.0 = Hom|Any CPU
		{B7CAE769-1BF4-4D51-9DCC-DEFD5C863C51}.LocalHomolog|Any CPU.ActiveCfg = Hom|Any CPU
		{B7CAE769-1BF4-4D51-9DCC-DEFD5C863C51}.LocalHomolog|Any CPU.Build.0 = Hom|Any CPU
		{B7CAE769-1BF4-4D51-9DCC-DEFD5C863C51}.LocalQA|Any CPU.ActiveCfg = Release|Any CPU
		{B7CAE769-1BF4-4D51-9DCC-DEFD5C863C51}.LocalQA|Any CPU.Build.0 = Release|Any CPU
		{B7CAE769-1BF4-4D51-9DCC-DEFD5C863C51}.Prod|Any CPU.ActiveCfg = Prod|Any CPU
		{B7CAE769-1BF4-4D51-9DCC-DEFD5C863C51}.Prod|Any CPU.Build.0 = Prod|Any CPU
		{B7CAE769-1BF4-4D51-9DCC-DEFD5C863C51}.QA|Any CPU.ActiveCfg = Release|Any CPU
		{B7CAE769-1BF4-4D51-9DCC-DEFD5C863C51}.QA|Any CPU.Build.0 = Release|Any CPU
		{B7CAE769-1BF4-4D51-9DCC-DEFD5C863C51}.Release|Any CPU.ActiveCfg = Release|Any CPU
		{B7CAE769-1BF4-4D51-9DCC-DEFD5C863C51}.Release|Any CPU.Build.0 = Release|Any CPU
		{77EF9375-969F-49B8-A9DC-D576E59B2920}.AzureDemo|Any CPU.ActiveCfg = Prod|Any CPU
		{77EF9375-969F-49B8-A9DC-D576E59B2920}.AzureDemo|Any CPU.Build.0 = Prod|Any CPU
		{77EF9375-969F-49B8-A9DC-D576E59B2920}.AzureProd|Any CPU.ActiveCfg = Prod|Any CPU
		{77EF9375-969F-49B8-A9DC-D576E59B2920}.AzureProd|Any CPU.Build.0 = Prod|Any CPU
		{77EF9375-969F-49B8-A9DC-D576E59B2920}.Debug|Any CPU.ActiveCfg = Debug|Any CPU
		{77EF9375-969F-49B8-A9DC-D576E59B2920}.Debug|Any CPU.Build.0 = Debug|Any CPU
		{77EF9375-969F-49B8-A9DC-D576E59B2920}.Demo|Any CPU.ActiveCfg = Debug|Any CPU
		{77EF9375-969F-49B8-A9DC-D576E59B2920}.Demo|Any CPU.Build.0 = Debug|Any CPU
		{77EF9375-969F-49B8-A9DC-D576E59B2920}.Hom|Any CPU.ActiveCfg = Hom|Any CPU
		{77EF9375-969F-49B8-A9DC-D576E59B2920}.Hom|Any CPU.Build.0 = Hom|Any CPU
		{77EF9375-969F-49B8-A9DC-D576E59B2920}.LocalDev|Any CPU.ActiveCfg = Prod|Any CPU
		{77EF9375-969F-49B8-A9DC-D576E59B2920}.LocalDev|Any CPU.Build.0 = Prod|Any CPU
		{77EF9375-969F-49B8-A9DC-D576E59B2920}.LocalHom|Any CPU.ActiveCfg = Hom|Any CPU
		{77EF9375-969F-49B8-A9DC-D576E59B2920}.LocalHom|Any CPU.Build.0 = Hom|Any CPU
		{77EF9375-969F-49B8-A9DC-D576E59B2920}.LocalHomolog|Any CPU.ActiveCfg = Hom|Any CPU
		{77EF9375-969F-49B8-A9DC-D576E59B2920}.LocalHomolog|Any CPU.Build.0 = Hom|Any CPU
		{77EF9375-969F-49B8-A9DC-D576E59B2920}.LocalQA|Any CPU.ActiveCfg = Prod|Any CPU
		{77EF9375-969F-49B8-A9DC-D576E59B2920}.LocalQA|Any CPU.Build.0 = Prod|Any CPU
		{77EF9375-969F-49B8-A9DC-D576E59B2920}.Prod|Any CPU.ActiveCfg = Prod|Any CPU
		{77EF9375-969F-49B8-A9DC-D576E59B2920}.Prod|Any CPU.Build.0 = Prod|Any CPU
		{77EF9375-969F-49B8-A9DC-D576E59B2920}.QA|Any CPU.ActiveCfg = Prod|Any CPU
		{77EF9375-969F-49B8-A9DC-D576E59B2920}.QA|Any CPU.Build.0 = Prod|Any CPU
		{77EF9375-969F-49B8-A9DC-D576E59B2920}.Release|Any CPU.ActiveCfg = Release|Any CPU
		{77EF9375-969F-49B8-A9DC-D576E59B2920}.Release|Any CPU.Build.0 = Release|Any CPU
		{9308D3A8-B3D9-41CE-9E9D-D7153C1E23DE}.AzureDemo|Any CPU.ActiveCfg = Release
		{9308D3A8-B3D9-41CE-9E9D-D7153C1E23DE}.AzureProd|Any CPU.ActiveCfg = Release
		{9308D3A8-B3D9-41CE-9E9D-D7153C1E23DE}.Debug|Any CPU.ActiveCfg = Debug
		{9308D3A8-B3D9-41CE-9E9D-D7153C1E23DE}.Demo|Any CPU.ActiveCfg = Debug
		{9308D3A8-B3D9-41CE-9E9D-D7153C1E23DE}.Hom|Any CPU.ActiveCfg = Release
		{9308D3A8-B3D9-41CE-9E9D-D7153C1E23DE}.LocalDev|Any CPU.ActiveCfg = Release
		{9308D3A8-B3D9-41CE-9E9D-D7153C1E23DE}.LocalHom|Any CPU.ActiveCfg = Release
		{9308D3A8-B3D9-41CE-9E9D-D7153C1E23DE}.LocalHomolog|Any CPU.ActiveCfg = Release
		{9308D3A8-B3D9-41CE-9E9D-D7153C1E23DE}.LocalQA|Any CPU.ActiveCfg = Release
		{9308D3A8-B3D9-41CE-9E9D-D7153C1E23DE}.Prod|Any CPU.ActiveCfg = Release
		{9308D3A8-B3D9-41CE-9E9D-D7153C1E23DE}.QA|Any CPU.ActiveCfg = Release
		{9308D3A8-B3D9-41CE-9E9D-D7153C1E23DE}.Release|Any CPU.ActiveCfg = Release
		{008B818A-ADE8-4772-81A9-C327F49E1CAD}.AzureDemo|Any CPU.ActiveCfg = AzureDemo|Any CPU
		{008B818A-ADE8-4772-81A9-C327F49E1CAD}.AzureDemo|Any CPU.Build.0 = AzureDemo|Any CPU
		{008B818A-ADE8-4772-81A9-C327F49E1CAD}.AzureProd|Any CPU.ActiveCfg = AzureProd|Any CPU
		{008B818A-ADE8-4772-81A9-C327F49E1CAD}.AzureProd|Any CPU.Build.0 = AzureProd|Any CPU
		{008B818A-ADE8-4772-81A9-C327F49E1CAD}.Debug|Any CPU.ActiveCfg = Debug|Any CPU
		{008B818A-ADE8-4772-81A9-C327F49E1CAD}.Debug|Any CPU.Build.0 = Debug|Any CPU
		{008B818A-ADE8-4772-81A9-C327F49E1CAD}.Demo|Any CPU.ActiveCfg = Demo|Any CPU
		{008B818A-ADE8-4772-81A9-C327F49E1CAD}.Demo|Any CPU.Build.0 = Demo|Any CPU
		{008B818A-ADE8-4772-81A9-C327F49E1CAD}.Hom|Any CPU.ActiveCfg = Hom|Any CPU
		{008B818A-ADE8-4772-81A9-C327F49E1CAD}.Hom|Any CPU.Build.0 = Hom|Any CPU
		{008B818A-ADE8-4772-81A9-C327F49E1CAD}.LocalDev|Any CPU.ActiveCfg = LocalDev|Any CPU
		{008B818A-ADE8-4772-81A9-C327F49E1CAD}.LocalDev|Any CPU.Build.0 = LocalDev|Any CPU
		{008B818A-ADE8-4772-81A9-C327F49E1CAD}.LocalHom|Any CPU.ActiveCfg = LocalHom|Any CPU
		{008B818A-ADE8-4772-81A9-C327F49E1CAD}.LocalHom|Any CPU.Build.0 = LocalHom|Any CPU
		{008B818A-ADE8-4772-81A9-C327F49E1CAD}.LocalHomolog|Any CPU.ActiveCfg = LocalHomolog|Any CPU
		{008B818A-ADE8-4772-81A9-C327F49E1CAD}.LocalHomolog|Any CPU.Build.0 = LocalHomolog|Any CPU
		{008B818A-ADE8-4772-81A9-C327F49E1CAD}.LocalQA|Any CPU.ActiveCfg = LocalQA|Any CPU
		{008B818A-ADE8-4772-81A9-C327F49E1CAD}.LocalQA|Any CPU.Build.0 = LocalQA|Any CPU
		{008B818A-ADE8-4772-81A9-C327F49E1CAD}.Prod|Any CPU.ActiveCfg = Prod|Any CPU
		{008B818A-ADE8-4772-81A9-C327F49E1CAD}.Prod|Any CPU.Build.0 = Prod|Any CPU
		{008B818A-ADE8-4772-81A9-C327F49E1CAD}.QA|Any CPU.ActiveCfg = QA|Any CPU
		{008B818A-ADE8-4772-81A9-C327F49E1CAD}.QA|Any CPU.Build.0 = QA|Any CPU
		{008B818A-ADE8-4772-81A9-C327F49E1CAD}.Release|Any CPU.ActiveCfg = Release|Any CPU
		{008B818A-ADE8-4772-81A9-C327F49E1CAD}.Release|Any CPU.Build.0 = Release|Any CPU
	EndGlobalSection
	GlobalSection(SolutionProperties) = preSolution
		HideSolutionNode = FALSE
	EndGlobalSection
	GlobalSection(ExtensibilityGlobals) = postSolution
		SolutionGuid = {EC3336A6-4368-436A-AF58-0C34242D628D}
	EndGlobalSection
EndGlobal
